
Microsoft Visual Studio Solution File, Format Version 12.00
# Visual Studio Version 17
VisualStudioVersion = 17.8.34330.188
MinimumVisualStudioVersion = 10.0.40219.1
Project("{FAE04EC0-301F-11D3-BF4B-00C04F79EFBC}") = "SistemaInventarioV6", "SistemaInventarioV6\SistemaInventarioV6.csproj", "{C6FF4828-D1D2-4C8D-B74D-592801B68526}"
EndProject
Global
	GlobalSection(SolutionConfigurationPlatforms) = preSolution
		Debug|Any CPU = Debug|Any CPU
		Release|Any CPU = Release|Any CPU
	EndGlobalSection
	GlobalSection(ProjectConfigurationPlatforms) = postSolution
		{C6FF4828-D1D2-4C8D-B74D-592801B68526}.Debug|Any CPU.ActiveCfg = Debug|Any CPU
		{C6FF4828-D1D2-4C8D-B74D-592801B68526}.Debug|Any CPU.Build.0 = Debug|Any CPU
		{C6FF4828-D1D2-4C8D-B74D-592801B68526}.Release|Any CPU.ActiveCfg = Release|Any CPU
		{C6FF4828-D1D2-4C8D-B74D-592801B68526}.Release|Any CPU.Build.0 = Release|Any CPU
	EndGlobalSection
	GlobalSection(SolutionProperties) = preSolution
		HideSolutionNode = FALSE
	EndGlobalSection
	GlobalSection(ExtensibilityGlobals) = postSolution
		SolutionGuid = {398B42A7-D73B-473D-B86D-8C56DF733845}
	EndGlobalSection
EndGlobal
